// !$*UTF8*$!
{
	archiveVersion = 1;
	classes = {
	};
	objectVersion = 52;
	objects = {

/* Begin PBXBuildFile section */
		03866E792460870A00373AB2 /* SynchronizationViewController.swift in Sources */ = {isa = PBXBuildFile; fileRef = 03866E782460870A00373AB2 /* SynchronizationViewController.swift */; };
		039980DF2460D08A007890F3 /* CareKitStore in Frameworks */ = {isa = PBXBuildFile; productRef = 039980DE2460D08A007890F3 /* CareKitStore */; };
		039980E12460D08A007890F3 /* CareKitUI in Frameworks */ = {isa = PBXBuildFile; productRef = 039980E02460D08A007890F3 /* CareKitUI */; };
		039980E32460D08A007890F3 /* CareKit in Frameworks */ = {isa = PBXBuildFile; productRef = 039980E22460D08A007890F3 /* CareKit */; };
		03B72321245E52F300444E40 /* AppDelegate.swift in Sources */ = {isa = PBXBuildFile; fileRef = 03B72320245E52F300444E40 /* AppDelegate.swift */; };
		03B72323245E52F300444E40 /* SceneDelegate.swift in Sources */ = {isa = PBXBuildFile; fileRef = 03B72322245E52F300444E40 /* SceneDelegate.swift */; };
		03B72325245E52F300444E40 /* ContentView.swift in Sources */ = {isa = PBXBuildFile; fileRef = 03B72324245E52F300444E40 /* ContentView.swift */; };
		03B72327245E52F400444E40 /* Assets.xcassets in Resources */ = {isa = PBXBuildFile; fileRef = 03B72326245E52F400444E40 /* Assets.xcassets */; };
		03B7232A245E52F400444E40 /* Preview Assets.xcassets in Resources */ = {isa = PBXBuildFile; fileRef = 03B72329245E52F400444E40 /* Preview Assets.xcassets */; };
		03B7232D245E52F400444E40 /* LaunchScreen.storyboard in Resources */ = {isa = PBXBuildFile; fileRef = 03B7232B245E52F400444E40 /* LaunchScreen.storyboard */; };
		03B72343245E538500444E40 /* CareViewController.swift in Sources */ = {isa = PBXBuildFile; fileRef = 03B72342245E538500444E40 /* CareViewController.swift */; };
		03B72345245E538B00444E40 /* TipView.swift in Sources */ = {isa = PBXBuildFile; fileRef = 03B72344245E538B00444E40 /* TipView.swift */; };
		03B72348245E53DD00444E40 /* Localizable.stringsdict in Resources */ = {isa = PBXBuildFile; fileRef = 03B72346245E53DD00444E40 /* Localizable.stringsdict */; };
		03B72349245E53DD00444E40 /* Localizable.strings in Resources */ = {isa = PBXBuildFile; fileRef = 03B72347245E53DD00444E40 /* Localizable.strings */; };
/* End PBXBuildFile section */

/* Begin PBXFileReference section */
		03866E782460870A00373AB2 /* SynchronizationViewController.swift */ = {isa = PBXFileReference; lastKnownFileType = sourcecode.swift; path = SynchronizationViewController.swift; sourceTree = "<group>"; };
		03B7231D245E52F300444E40 /* CareKitHyperProtectSample.app */ = {isa = PBXFileReference; explicitFileType = wrapper.application; includeInIndex = 0; path = CareKitHyperProtectSample.app; sourceTree = BUILT_PRODUCTS_DIR; };
		03B72320245E52F300444E40 /* AppDelegate.swift */ = {isa = PBXFileReference; lastKnownFileType = sourcecode.swift; path = AppDelegate.swift; sourceTree = "<group>"; };
		03B72322245E52F300444E40 /* SceneDelegate.swift */ = {isa = PBXFileReference; lastKnownFileType = sourcecode.swift; path = SceneDelegate.swift; sourceTree = "<group>"; };
		03B72324245E52F300444E40 /* ContentView.swift */ = {isa = PBXFileReference; lastKnownFileType = sourcecode.swift; path = ContentView.swift; sourceTree = "<group>"; };
		03B72326245E52F400444E40 /* Assets.xcassets */ = {isa = PBXFileReference; lastKnownFileType = folder.assetcatalog; path = Assets.xcassets; sourceTree = "<group>"; };
		03B72329245E52F400444E40 /* Preview Assets.xcassets */ = {isa = PBXFileReference; lastKnownFileType = folder.assetcatalog; path = "Preview Assets.xcassets"; sourceTree = "<group>"; };
		03B7232C245E52F400444E40 /* Base */ = {isa = PBXFileReference; lastKnownFileType = file.storyboard; name = Base; path = Base.lproj/LaunchScreen.storyboard; sourceTree = "<group>"; };
		03B7232E245E52F400444E40 /* Info.plist */ = {isa = PBXFileReference; lastKnownFileType = text.plist.xml; path = Info.plist; sourceTree = "<group>"; };
		03B72342245E538500444E40 /* CareViewController.swift */ = {isa = PBXFileReference; lastKnownFileType = sourcecode.swift; path = CareViewController.swift; sourceTree = "<group>"; };
		03B72344245E538B00444E40 /* TipView.swift */ = {isa = PBXFileReference; lastKnownFileType = sourcecode.swift; path = TipView.swift; sourceTree = "<group>"; };
		03B72346245E53DD00444E40 /* Localizable.stringsdict */ = {isa = PBXFileReference; fileEncoding = 4; lastKnownFileType = text.plist.stringsdict; path = Localizable.stringsdict; sourceTree = "<group>"; };
		03B72347245E53DD00444E40 /* Localizable.strings */ = {isa = PBXFileReference; fileEncoding = 4; lastKnownFileType = text.plist.strings; path = Localizable.strings; sourceTree = "<group>"; };
/* End PBXFileReference section */

/* Begin PBXFrameworksBuildPhase section */
		03B7231A245E52F300444E40 /* Frameworks */ = {
			isa = PBXFrameworksBuildPhase;
			buildActionMask = 2147483647;
			files = (
				039980E32460D08A007890F3 /* CareKit in Frameworks */,
				039980E12460D08A007890F3 /* CareKitUI in Frameworks */,
				039980DF2460D08A007890F3 /* CareKitStore in Frameworks */,
			);
			runOnlyForDeploymentPostprocessing = 0;
		};
/* End PBXFrameworksBuildPhase section */

/* Begin PBXGroup section */
		03B72314245E52F300444E40 = {
			isa = PBXGroup;
			children = (
				03B7231F245E52F300444E40 /* CareKitHyperProtectSample */,
				03B7231E245E52F300444E40 /* Products */,
			);
			sourceTree = "<group>";
		};
		03B7231E245E52F300444E40 /* Products */ = {
			isa = PBXGroup;
			children = (
				03B7231D245E52F300444E40 /* CareKitHyperProtectSample.app */,
			);
			name = Products;
			sourceTree = "<group>";
		};
		03B7231F245E52F300444E40 /* CareKitHyperProtectSample */ = {
			isa = PBXGroup;
			children = (
				03B72320245E52F300444E40 /* AppDelegate.swift */,
				03B72322245E52F300444E40 /* SceneDelegate.swift */,
				03B72324245E52F300444E40 /* ContentView.swift */,
				03B72342245E538500444E40 /* CareViewController.swift */,
				03866E782460870A00373AB2 /* SynchronizationViewController.swift */,
				03B72344245E538B00444E40 /* TipView.swift */,
				03B72326245E52F400444E40 /* Assets.xcassets */,
				03B7232B245E52F400444E40 /* LaunchScreen.storyboard */,
				03B7232E245E52F400444E40 /* Info.plist */,
				03B72347245E53DD00444E40 /* Localizable.strings */,
				03B72346245E53DD00444E40 /* Localizable.stringsdict */,
				03B72328245E52F400444E40 /* Preview Content */,
			);
			path = CareKitHyperProtectSample;
			sourceTree = "<group>";
		};
		03B72328245E52F400444E40 /* Preview Content */ = {
			isa = PBXGroup;
			children = (
				03B72329245E52F400444E40 /* Preview Assets.xcassets */,
			);
			path = "Preview Content";
			sourceTree = "<group>";
		};
/* End PBXGroup section */

/* Begin PBXNativeTarget section */
		03B7231C245E52F300444E40 /* CareKitHyperProtectSample */ = {
			isa = PBXNativeTarget;
			buildConfigurationList = 03B72331245E52F400444E40 /* Build configuration list for PBXNativeTarget "CareKitHyperProtectSample" */;
			buildPhases = (
				03B72319245E52F300444E40 /* Sources */,
				03B7231A245E52F300444E40 /* Frameworks */,
				03B7231B245E52F300444E40 /* Resources */,
			);
			buildRules = (
			);
			dependencies = (
			);
			name = CareKitHyperProtectSample;
			packageProductDependencies = (
				039980DE2460D08A007890F3 /* CareKitStore */,
				039980E02460D08A007890F3 /* CareKitUI */,
				039980E22460D08A007890F3 /* CareKit */,
			);
			productName = CareKitHyperProtectSample;
			productReference = 03B7231D245E52F300444E40 /* CareKitHyperProtectSample.app */;
			productType = "com.apple.product-type.application";
		};
/* End PBXNativeTarget section */

/* Begin PBXProject section */
		03B72315245E52F300444E40 /* Project object */ = {
			isa = PBXProject;
			attributes = {
				LastSwiftUpdateCheck = 1140;
				LastUpgradeCheck = 1140;
				ORGANIZATIONNAME = Apple;
				TargetAttributes = {
					03B7231C245E52F300444E40 = {
						CreatedOnToolsVersion = 11.4.1;
					};
				};
			};
			buildConfigurationList = 03B72318245E52F300444E40 /* Build configuration list for PBXProject "CareKitHyperProtectSample" */;
			compatibilityVersion = "Xcode 9.3";
			developmentRegion = en;
			hasScannedForEncodings = 0;
			knownRegions = (
				en,
				Base,
			);
			mainGroup = 03B72314245E52F300444E40;
			packageReferences = (
				039980DD2460D08A007890F3 /* XCRemoteSwiftPackageReference "CareKit" */,
			);
			productRefGroup = 03B7231E245E52F300444E40 /* Products */;
			projectDirPath = "";
			projectRoot = "";
			targets = (
				03B7231C245E52F300444E40 /* CareKitHyperProtectSample */,
			);
		};
/* End PBXProject section */

/* Begin PBXResourcesBuildPhase section */
		03B7231B245E52F300444E40 /* Resources */ = {
			isa = PBXResourcesBuildPhase;
			buildActionMask = 2147483647;
			files = (
				03B72349245E53DD00444E40 /* Localizable.strings in Resources */,
				03B7232D245E52F400444E40 /* LaunchScreen.storyboard in Resources */,
				03B72348245E53DD00444E40 /* Localizable.stringsdict in Resources */,
				03B7232A245E52F400444E40 /* Preview Assets.xcassets in Resources */,
				03B72327245E52F400444E40 /* Assets.xcassets in Resources */,
			);
			runOnlyForDeploymentPostprocessing = 0;
		};
/* End PBXResourcesBuildPhase section */

/* Begin PBXSourcesBuildPhase section */
		03B72319245E52F300444E40 /* Sources */ = {
			isa = PBXSourcesBuildPhase;
			buildActionMask = 2147483647;
			files = (
				03B72321245E52F300444E40 /* AppDelegate.swift in Sources */,
				03B72343245E538500444E40 /* CareViewController.swift in Sources */,
				03B72323245E52F300444E40 /* SceneDelegate.swift in Sources */,
				03B72325245E52F300444E40 /* ContentView.swift in Sources */,
				03B72345245E538B00444E40 /* TipView.swift in Sources */,
				03866E792460870A00373AB2 /* SynchronizationViewController.swift in Sources */,
			);
			runOnlyForDeploymentPostprocessing = 0;
		};
/* End PBXSourcesBuildPhase section */

/* Begin PBXVariantGroup section */
		03B7232B245E52F400444E40 /* LaunchScreen.storyboard */ = {
			isa = PBXVariantGroup;
			children = (
				03B7232C245E52F400444E40 /* Base */,
			);
			name = LaunchScreen.storyboard;
			sourceTree = "<group>";
		};
/* End PBXVariantGroup section */

/* Begin XCBuildConfiguration section */
		03B7232F245E52F400444E40 /* Debug */ = {
			isa = XCBuildConfiguration;
			buildSettings = {
				ALWAYS_SEARCH_USER_PATHS = NO;
				CLANG_ANALYZER_NONNULL = YES;
				CLANG_ANALYZER_NUMBER_OBJECT_CONVERSION = YES_AGGRESSIVE;
				CLANG_CXX_LANGUAGE_STANDARD = "gnu++14";
				CLANG_CXX_LIBRARY = "libc++";
				CLANG_ENABLE_MODULES = YES;
				CLANG_ENABLE_OBJC_ARC = YES;
				CLANG_ENABLE_OBJC_WEAK = YES;
				CLANG_WARN_BLOCK_CAPTURE_AUTORELEASING = YES;
				CLANG_WARN_BOOL_CONVERSION = YES;
				CLANG_WARN_COMMA = YES;
				CLANG_WARN_CONSTANT_CONVERSION = YES;
				CLANG_WARN_DEPRECATED_OBJC_IMPLEMENTATIONS = YES;
				CLANG_WARN_DIRECT_OBJC_ISA_USAGE = YES_ERROR;
				CLANG_WARN_DOCUMENTATION_COMMENTS = YES;
				CLANG_WARN_EMPTY_BODY = YES;
				CLANG_WARN_ENUM_CONVERSION = YES;
				CLANG_WARN_INFINITE_RECURSION = YES;
				CLANG_WARN_INT_CONVERSION = YES;
				CLANG_WARN_NON_LITERAL_NULL_CONVERSION = YES;
				CLANG_WARN_OBJC_IMPLICIT_RETAIN_SELF = YES;
				CLANG_WARN_OBJC_LITERAL_CONVERSION = YES;
				CLANG_WARN_OBJC_ROOT_CLASS = YES_ERROR;
				CLANG_WARN_RANGE_LOOP_ANALYSIS = YES;
				CLANG_WARN_STRICT_PROTOTYPES = YES;
				CLANG_WARN_SUSPICIOUS_MOVE = YES;
				CLANG_WARN_UNGUARDED_AVAILABILITY = YES_AGGRESSIVE;
				CLANG_WARN_UNREACHABLE_CODE = YES;
				CLANG_WARN__DUPLICATE_METHOD_MATCH = YES;
				COPY_PHASE_STRIP = NO;
				DEBUG_INFORMATION_FORMAT = dwarf;
				ENABLE_STRICT_OBJC_MSGSEND = YES;
				ENABLE_TESTABILITY = YES;
				GCC_C_LANGUAGE_STANDARD = gnu11;
				GCC_DYNAMIC_NO_PIC = NO;
				GCC_NO_COMMON_BLOCKS = YES;
				GCC_OPTIMIZATION_LEVEL = 0;
				GCC_PREPROCESSOR_DEFINITIONS = (
					"DEBUG=1",
					"$(inherited)",
				);
				GCC_WARN_64_TO_32_BIT_CONVERSION = YES;
				GCC_WARN_ABOUT_RETURN_TYPE = YES_ERROR;
				GCC_WARN_UNDECLARED_SELECTOR = YES;
				GCC_WARN_UNINITIALIZED_AUTOS = YES_AGGRESSIVE;
				GCC_WARN_UNUSED_FUNCTION = YES;
				GCC_WARN_UNUSED_VARIABLE = YES;
				IPHONEOS_DEPLOYMENT_TARGET = 13.4;
				MTL_ENABLE_DEBUG_INFO = INCLUDE_SOURCE;
				MTL_FAST_MATH = YES;
				ONLY_ACTIVE_ARCH = YES;
				SDKROOT = iphoneos;
				SWIFT_ACTIVE_COMPILATION_CONDITIONS = DEBUG;
				SWIFT_OPTIMIZATION_LEVEL = "-Onone";
			};
			name = Debug;
		};
		03B72330245E52F400444E40 /* Release */ = {
			isa = XCBuildConfiguration;
			buildSettings = {
				ALWAYS_SEARCH_USER_PATHS = NO;
				CLANG_ANALYZER_NONNULL = YES;
				CLANG_ANALYZER_NUMBER_OBJECT_CONVERSION = YES_AGGRESSIVE;
				CLANG_CXX_LANGUAGE_STANDARD = "gnu++14";
				CLANG_CXX_LIBRARY = "libc++";
				CLANG_ENABLE_MODULES = YES;
				CLANG_ENABLE_OBJC_ARC = YES;
				CLANG_ENABLE_OBJC_WEAK = YES;
				CLANG_WARN_BLOCK_CAPTURE_AUTORELEASING = YES;
				CLANG_WARN_BOOL_CONVERSION = YES;
				CLANG_WARN_COMMA = YES;
				CLANG_WARN_CONSTANT_CONVERSION = YES;
				CLANG_WARN_DEPRECATED_OBJC_IMPLEMENTATIONS = YES;
				CLANG_WARN_DIRECT_OBJC_ISA_USAGE = YES_ERROR;
				CLANG_WARN_DOCUMENTATION_COMMENTS = YES;
				CLANG_WARN_EMPTY_BODY = YES;
				CLANG_WARN_ENUM_CONVERSION = YES;
				CLANG_WARN_INFINITE_RECURSION = YES;
				CLANG_WARN_INT_CONVERSION = YES;
				CLANG_WARN_NON_LITERAL_NULL_CONVERSION = YES;
				CLANG_WARN_OBJC_IMPLICIT_RETAIN_SELF = YES;
				CLANG_WARN_OBJC_LITERAL_CONVERSION = YES;
				CLANG_WARN_OBJC_ROOT_CLASS = YES_ERROR;
				CLANG_WARN_RANGE_LOOP_ANALYSIS = YES;
				CLANG_WARN_STRICT_PROTOTYPES = YES;
				CLANG_WARN_SUSPICIOUS_MOVE = YES;
				CLANG_WARN_UNGUARDED_AVAILABILITY = YES_AGGRESSIVE;
				CLANG_WARN_UNREACHABLE_CODE = YES;
				CLANG_WARN__DUPLICATE_METHOD_MATCH = YES;
				COPY_PHASE_STRIP = NO;
				DEBUG_INFORMATION_FORMAT = "dwarf-with-dsym";
				ENABLE_NS_ASSERTIONS = NO;
				ENABLE_STRICT_OBJC_MSGSEND = YES;
				GCC_C_LANGUAGE_STANDARD = gnu11;
				GCC_NO_COMMON_BLOCKS = YES;
				GCC_WARN_64_TO_32_BIT_CONVERSION = YES;
				GCC_WARN_ABOUT_RETURN_TYPE = YES_ERROR;
				GCC_WARN_UNDECLARED_SELECTOR = YES;
				GCC_WARN_UNINITIALIZED_AUTOS = YES_AGGRESSIVE;
				GCC_WARN_UNUSED_FUNCTION = YES;
				GCC_WARN_UNUSED_VARIABLE = YES;
				IPHONEOS_DEPLOYMENT_TARGET = 13.4;
				MTL_ENABLE_DEBUG_INFO = NO;
				MTL_FAST_MATH = YES;
				SDKROOT = iphoneos;
				SWIFT_COMPILATION_MODE = wholemodule;
				SWIFT_OPTIMIZATION_LEVEL = "-O";
				VALIDATE_PRODUCT = YES;
			};
			name = Release;
		};
		03B72332245E52F400444E40 /* Debug */ = {
			isa = XCBuildConfiguration;
			buildSettings = {
				ASSETCATALOG_COMPILER_APPICON_NAME = AppIcon;
				CODE_SIGN_STYLE = Automatic;
				DEVELOPMENT_ASSET_PATHS = "\"CareKitHyperProtectSample/Preview Content\"";
				DEVELOPMENT_TEAM = 7JYUG8QGJ3;
				ENABLE_PREVIEWS = YES;
				INFOPLIST_FILE = CareKitHyperProtectSample/Info.plist;
				LD_RUNPATH_SEARCH_PATHS = (
					"$(inherited)",
					"@executable_path/Frameworks",
				);
				PRODUCT_BUNDLE_IDENTIFIER = com.IBM.com.CareKitHyperProtectSample;
				PRODUCT_NAME = "$(TARGET_NAME)";
				SWIFT_VERSION = 5.0;
				TARGETED_DEVICE_FAMILY = "1,2";
			};
			name = Debug;
		};
		03B72333245E52F400444E40 /* Release */ = {
			isa = XCBuildConfiguration;
			buildSettings = {
				ASSETCATALOG_COMPILER_APPICON_NAME = AppIcon;
				CODE_SIGN_STYLE = Automatic;
				DEVELOPMENT_ASSET_PATHS = "\"CareKitHyperProtectSample/Preview Content\"";
				DEVELOPMENT_TEAM = 7JYUG8QGJ3;
				ENABLE_PREVIEWS = YES;
				INFOPLIST_FILE = CareKitHyperProtectSample/Info.plist;
				LD_RUNPATH_SEARCH_PATHS = (
					"$(inherited)",
					"@executable_path/Frameworks",
				);
				PRODUCT_BUNDLE_IDENTIFIER = com.IBM.com.CareKitHyperProtectSample;
				PRODUCT_NAME = "$(TARGET_NAME)";
				SWIFT_VERSION = 5.0;
				TARGETED_DEVICE_FAMILY = "1,2";
			};
			name = Release;
		};
/* End XCBuildConfiguration section */

/* Begin XCConfigurationList section */
		03B72318245E52F300444E40 /* Build configuration list for PBXProject "CareKitHyperProtectSample" */ = {
			isa = XCConfigurationList;
			buildConfigurations = (
				03B7232F245E52F400444E40 /* Debug */,
				03B72330245E52F400444E40 /* Release */,
			);
			defaultConfigurationIsVisible = 0;
			defaultConfigurationName = Release;
		};
		03B72331245E52F400444E40 /* Build configuration list for PBXNativeTarget "CareKitHyperProtectSample" */ = {
			isa = XCConfigurationList;
			buildConfigurations = (
				03B72332245E52F400444E40 /* Debug */,
				03B72333245E52F400444E40 /* Release */,
			);
			defaultConfigurationIsVisible = 0;
			defaultConfigurationName = Release;
		};
/* End XCConfigurationList section */

/* Begin XCRemoteSwiftPackageReference section */
		039980DD2460D08A007890F3 /* XCRemoteSwiftPackageReference "CareKit" */ = {
			isa = XCRemoteSwiftPackageReference;
			repositoryURL = "https://github.com/carekit-apple/CareKit.git";
			requirement = {
				branch = master;
				kind = branch;
			};
		};
/* End XCRemoteSwiftPackageReference section */

/* Begin XCSwiftPackageProductDependency section */
		039980DE2460D08A007890F3 /* CareKitStore */ = {
			isa = XCSwiftPackageProductDependency;
			package = 039980DD2460D08A007890F3 /* XCRemoteSwiftPackageReference "CareKit" */;
			productName = CareKitStore;
		};
		039980E02460D08A007890F3 /* CareKitUI */ = {
			isa = XCSwiftPackageProductDependency;
			package = 039980DD2460D08A007890F3 /* XCRemoteSwiftPackageReference "CareKit" */;
			productName = CareKitUI;
		};
		039980E22460D08A007890F3 /* CareKit */ = {
			isa = XCSwiftPackageProductDependency;
			package = 039980DD2460D08A007890F3 /* XCRemoteSwiftPackageReference "CareKit" */;
			productName = CareKit;
		};
/* End XCSwiftPackageProductDependency section */
	};
	rootObject = 03B72315245E52F300444E40 /* Project object */;
}
